
Microsoft Visual Studio Solution File, Format Version 12.00
# Visual Studio Version 17
VisualStudioVersion = 17.8.34408.163
MinimumVisualStudioVersion = 10.0.40219.1
Project("{FAE04EC0-301F-11D3-BF4B-00C04F79EFBC}") = "daniel_grazina_3935", "daniel_grazina_3935\daniel_grazina_3935.csproj", "{98DCA831-5A12-4468-989F-44265D5A4C78}"
EndProject
Global
	GlobalSection(SolutionConfigurationPlatforms) = preSolution
		Debug|Any CPU = Debug|Any CPU
		Release|Any CPU = Release|Any CPU
	EndGlobalSection
	GlobalSection(ProjectConfigurationPlatforms) = postSolution
		{98DCA831-5A12-4468-989F-44265D5A4C78}.Debug|Any CPU.ActiveCfg = Debug|Any CPU
		{98DCA831-5A12-4468-989F-44265D5A4C78}.Debug|Any CPU.Build.0 = Debug|Any CPU
		{98DCA831-5A12-4468-989F-44265D5A4C78}.Release|Any CPU.ActiveCfg = Release|Any CPU
		{98DCA831-5A12-4468-989F-44265D5A4C78}.Release|Any CPU.Build.0 = Release|Any CPU
	EndGlobalSection
	GlobalSection(SolutionProperties) = preSolution
		HideSolutionNode = FALSE
	EndGlobalSection
	GlobalSection(ExtensibilityGlobals) = postSolution
		SolutionGuid = {A6184B06-A83B-4D74-9C4E-6BF807E15BFA}
	EndGlobalSection
EndGlobal
